// !$*UTF8*$!
{
	archiveVersion = 1;
	classes = {
	};
	objectVersion = 46;
	objects = {

/* Begin PBXBuildFile section */
		39AA1037185307C5004D8A44 /* Foundation.framework in Frameworks */ = {isa = PBXBuildFile; fileRef = 39AA1036185307C5004D8A44 /* Foundation.framework */; };
		39AA1039185307C5004D8A44 /* CoreGraphics.framework in Frameworks */ = {isa = PBXBuildFile; fileRef = 39AA1038185307C5004D8A44 /* CoreGraphics.framework */; };
		39AA103B185307C5004D8A44 /* UIKit.framework in Frameworks */ = {isa = PBXBuildFile; fileRef = 39AA103A185307C5004D8A44 /* UIKit.framework */; };
		39AA1041185307C5004D8A44 /* InfoPlist.strings in Resources */ = {isa = PBXBuildFile; fileRef = 39AA103F185307C5004D8A44 /* InfoPlist.strings */; };
		39AA1043185307C5004D8A44 /* main.m in Sources */ = {isa = PBXBuildFile; fileRef = 39AA1042185307C5004D8A44 /* main.m */; };
		39AA1047185307C5004D8A44 /* VanillaAppDelegate.m in Sources */ = {isa = PBXBuildFile; fileRef = 39AA1046185307C5004D8A44 /* VanillaAppDelegate.m */; };
		39AA104A185307C5004D8A44 /* Main.storyboard in Resources */ = {isa = PBXBuildFile; fileRef = 39AA1048185307C5004D8A44 /* Main.storyboard */; };
		39AA104D185307C5004D8A44 /* VanillaViewController.m in Sources */ = {isa = PBXBuildFile; fileRef = 39AA104C185307C5004D8A44 /* VanillaViewController.m */; };
		39AA104F185307C5004D8A44 /* Images.xcassets in Resources */ = {isa = PBXBuildFile; fileRef = 39AA104E185307C5004D8A44 /* Images.xcassets */; };
		39AA1056185307C5004D8A44 /* XCTest.framework in Frameworks */ = {isa = PBXBuildFile; fileRef = 39AA1055185307C5004D8A44 /* XCTest.framework */; };
		39AA1057185307C5004D8A44 /* Foundation.framework in Frameworks */ = {isa = PBXBuildFile; fileRef = 39AA1036185307C5004D8A44 /* Foundation.framework */; };
		39AA1058185307C5004D8A44 /* UIKit.framework in Frameworks */ = {isa = PBXBuildFile; fileRef = 39AA103A185307C5004D8A44 /* UIKit.framework */; };
		39AA1060185307C5004D8A44 /* InfoPlist.strings in Resources */ = {isa = PBXBuildFile; fileRef = 39AA105E185307C5004D8A44 /* InfoPlist.strings */; };
		39AA1062185307C5004D8A44 /* Vanilla_2_0Tests.m in Sources */ = {isa = PBXBuildFile; fileRef = 39AA1061185307C5004D8A44 /* Vanilla_2_0Tests.m */; };
		39AA10701853085C004D8A44 /* TravelPieceManageController.m in Sources */ = {isa = PBXBuildFile; fileRef = 39AA106F1853085C004D8A44 /* TravelPieceManageController.m */; };
		39E9F39F185BF2C500784C12 /* box.png in Resources */ = {isa = PBXBuildFile; fileRef = 39E9F39C185BF2C500784C12 /* box.png */; };
		39E9F3A0185BF2C500784C12 /* Home.png in Resources */ = {isa = PBXBuildFile; fileRef = 39E9F39D185BF2C500784C12 /* Home.png */; };
		39E9F3A1185BF2C500784C12 /* user.png in Resources */ = {isa = PBXBuildFile; fileRef = 39E9F39E185BF2C500784C12 /* user.png */; };
		39E9F3A3185D360200784C12 /* loading.png in Resources */ = {isa = PBXBuildFile; fileRef = 39E9F3A2185D360200784C12 /* loading.png */; };
		39E9F3A5185D379700784C12 /* default.png in Resources */ = {isa = PBXBuildFile; fileRef = 39E9F3A4185D379700784C12 /* default.png */; };
		8A23E26D185A0FEC00945CD0 /* MainViewController.m in Sources */ = {isa = PBXBuildFile; fileRef = 8A23E26C185A0FEC00945CD0 /* MainViewController.m */; };
		8A23E270185A101800945CD0 /* TravelManageViewController.m in Sources */ = {isa = PBXBuildFile; fileRef = 8A23E26F185A101800945CD0 /* TravelManageViewController.m */; };
		8A23E273185A14A700945CD0 /* ProfileViewController.m in Sources */ = {isa = PBXBuildFile; fileRef = 8A23E272185A14A700945CD0 /* ProfileViewController.m */; };
		8A23E276185A14D000945CD0 /* addTravelViewController.m in Sources */ = {isa = PBXBuildFile; fileRef = 8A23E275185A14D000945CD0 /* addTravelViewController.m */; };
		8A23E279185A154000945CD0 /* addTravelViewDelegate.m in Sources */ = {isa = PBXBuildFile; fileRef = 8A23E278185A154000945CD0 /* addTravelViewDelegate.m */; };
		8A23E281185A156C00945CD0 /* 北京.jpg in Resources */ = {isa = PBXBuildFile; fileRef = 8A23E27A185A156C00945CD0 /* 北京.jpg */; };
		8A23E282185A156C00945CD0 /* 北京.png in Resources */ = {isa = PBXBuildFile; fileRef = 8A23E27B185A156C00945CD0 /* 北京.png */; };
		8A23E283185A156C00945CD0 /* 丽江.jpg in Resources */ = {isa = PBXBuildFile; fileRef = 8A23E27C185A156C00945CD0 /* 丽江.jpg */; };
		8A23E284185A156C00945CD0 /* 丽江.png in Resources */ = {isa = PBXBuildFile; fileRef = 8A23E27D185A156C00945CD0 /* 丽江.png */; };
		8A23E285185A156C00945CD0 /* 头像.png in Resources */ = {isa = PBXBuildFile; fileRef = 8A23E27E185A156C00945CD0 /* 头像.png */; };
		8A23E286185A156C00945CD0 /* 西藏.jpg in Resources */ = {isa = PBXBuildFile; fileRef = 8A23E27F185A156C00945CD0 /* 西藏.jpg */; };
		8A23E287185A156C00945CD0 /* 西藏.png in Resources */ = {isa = PBXBuildFile; fileRef = 8A23E280185A156C00945CD0 /* 西藏.png */; };
		8A23E28A185A15A200945CD0 /* RecentTravelPlist.plist in Resources */ = {isa = PBXBuildFile; fileRef = 8A23E288185A15A200945CD0 /* RecentTravelPlist.plist */; };
		8A23E28B185A15A200945CD0 /* userInfo.plist in Resources */ = {isa = PBXBuildFile; fileRef = 8A23E289185A15A200945CD0 /* userInfo.plist */; };
		8A3440C518535B2200E3B481 /* TravelItem.m in Sources */ = {isa = PBXBuildFile; fileRef = 8A3440C418535B2200E3B481 /* TravelItem.m */; };
		8A3440CE185364CC00E3B481 /* a.jpg in Resources */ = {isa = PBXBuildFile; fileRef = 8A3440C7185364CC00E3B481 /* a.jpg */; };
		8A3440CF185364CC00E3B481 /* b.jpg in Resources */ = {isa = PBXBuildFile; fileRef = 8A3440C8185364CC00E3B481 /* b.jpg */; };
		8A3440D0185364CC00E3B481 /* c.jpg in Resources */ = {isa = PBXBuildFile; fileRef = 8A3440C9185364CC00E3B481 /* c.jpg */; };
		8A3440D1185364CC00E3B481 /* d.jpg in Resources */ = {isa = PBXBuildFile; fileRef = 8A3440CA185364CC00E3B481 /* d.jpg */; };
		8A3440D2185364CC00E3B481 /* e.jpg in Resources */ = {isa = PBXBuildFile; fileRef = 8A3440CB185364CC00E3B481 /* e.jpg */; };
		8A3440D3185364CC00E3B481 /* f.jpg in Resources */ = {isa = PBXBuildFile; fileRef = 8A3440CC185364CC00E3B481 /* f.jpg */; };
		8A3440D4185364CC00E3B481 /* g.jpg in Resources */ = {isa = PBXBuildFile; fileRef = 8A3440CD185364CC00E3B481 /* g.jpg */; };
		8A3440D618540FD800E3B481 /* MapKit.framework in Frameworks */ = {isa = PBXBuildFile; fileRef = 8A3440D518540FD800E3B481 /* MapKit.framework */; };
		8A3440D91854510700E3B481 /* SpotAnnotation.m in Sources */ = {isa = PBXBuildFile; fileRef = 8A3440D81854510700E3B481 /* SpotAnnotation.m */; };
		8A3440DB18545A0600E3B481 /* CoreLocation.framework in Frameworks */ = {isa = PBXBuildFile; fileRef = 8A3440DA18545A0600E3B481 /* CoreLocation.framework */; };
		8A3440DE1854D6ED00E3B481 /* TravelPieceDetailViewController.m in Sources */ = {isa = PBXBuildFile; fileRef = 8A3440DD1854D6ED00E3B481 /* TravelPieceDetailViewController.m */; };
		8A3440E01855A96000E3B481 /* CoreData.framework in Frameworks */ = {isa = PBXBuildFile; fileRef = 8A3440DF1855A96000E3B481 /* CoreData.framework */; };
		8A3440E31855A97A00E3B481 /* DataModel.xcdatamodeld in Sources */ = {isa = PBXBuildFile; fileRef = 8A3440E11855A97A00E3B481 /* DataModel.xcdatamodeld */; };
		E3848904AF1149119139CC33 /* libPods.a in Frameworks */ = {isa = PBXBuildFile; fileRef = 09B3128F2C734CA483EC61E8 /* libPods.a */; };
/* End PBXBuildFile section */

/* Begin PBXContainerItemProxy section */
		39AA1059185307C5004D8A44 /* PBXContainerItemProxy */ = {
			isa = PBXContainerItemProxy;
			containerPortal = 39AA102B185307C5004D8A44 /* Project object */;
			proxyType = 1;
			remoteGlobalIDString = 39AA1032185307C5004D8A44;
			remoteInfo = Vanilla_2.0;
		};
/* End PBXContainerItemProxy section */

/* Begin PBXFileReference section */
		09B3128F2C734CA483EC61E8 /* libPods.a */ = {isa = PBXFileReference; explicitFileType = archive.ar; includeInIndex = 0; path = libPods.a; sourceTree = BUILT_PRODUCTS_DIR; };
		39AA1033185307C5004D8A44 /* Vanilla_2.0.app */ = {isa = PBXFileReference; explicitFileType = wrapper.application; includeInIndex = 0; path = Vanilla_2.0.app; sourceTree = BUILT_PRODUCTS_DIR; };
		39AA1036185307C5004D8A44 /* Foundation.framework */ = {isa = PBXFileReference; lastKnownFileType = wrapper.framework; name = Foundation.framework; path = System/Library/Frameworks/Foundation.framework; sourceTree = SDKROOT; };
		39AA1038185307C5004D8A44 /* CoreGraphics.framework */ = {isa = PBXFileReference; lastKnownFileType = wrapper.framework; name = CoreGraphics.framework; path = System/Library/Frameworks/CoreGraphics.framework; sourceTree = SDKROOT; };
		39AA103A185307C5004D8A44 /* UIKit.framework */ = {isa = PBXFileReference; lastKnownFileType = wrapper.framework; name = UIKit.framework; path = System/Library/Frameworks/UIKit.framework; sourceTree = SDKROOT; };
		39AA103E185307C5004D8A44 /* Vanilla_2.0-Info.plist */ = {isa = PBXFileReference; lastKnownFileType = text.plist.xml; path = "Vanilla_2.0-Info.plist"; sourceTree = "<group>"; };
		39AA1040185307C5004D8A44 /* en */ = {isa = PBXFileReference; lastKnownFileType = text.plist.strings; name = en; path = en.lproj/InfoPlist.strings; sourceTree = "<group>"; };
		39AA1042185307C5004D8A44 /* main.m */ = {isa = PBXFileReference; lastKnownFileType = sourcecode.c.objc; path = main.m; sourceTree = "<group>"; };
		39AA1044185307C5004D8A44 /* Vanilla_2.0-Prefix.pch */ = {isa = PBXFileReference; lastKnownFileType = sourcecode.c.h; path = "Vanilla_2.0-Prefix.pch"; sourceTree = "<group>"; };
		39AA1045185307C5004D8A44 /* VanillaAppDelegate.h */ = {isa = PBXFileReference; lastKnownFileType = sourcecode.c.h; path = VanillaAppDelegate.h; sourceTree = "<group>"; };
		39AA1046185307C5004D8A44 /* VanillaAppDelegate.m */ = {isa = PBXFileReference; lastKnownFileType = sourcecode.c.objc; path = VanillaAppDelegate.m; sourceTree = "<group>"; };
		39AA1049185307C5004D8A44 /* Base */ = {isa = PBXFileReference; lastKnownFileType = file.storyboard; name = Base; path = Base.lproj/Main.storyboard; sourceTree = "<group>"; };
		39AA104B185307C5004D8A44 /* VanillaViewController.h */ = {isa = PBXFileReference; lastKnownFileType = sourcecode.c.h; path = VanillaViewController.h; sourceTree = "<group>"; };
		39AA104C185307C5004D8A44 /* VanillaViewController.m */ = {isa = PBXFileReference; lastKnownFileType = sourcecode.c.objc; path = VanillaViewController.m; sourceTree = "<group>"; };
		39AA104E185307C5004D8A44 /* Images.xcassets */ = {isa = PBXFileReference; lastKnownFileType = folder.assetcatalog; path = Images.xcassets; sourceTree = "<group>"; };
		39AA1054185307C5004D8A44 /* Vanilla_2.0Tests.xctest */ = {isa = PBXFileReference; explicitFileType = wrapper.cfbundle; includeInIndex = 0; path = Vanilla_2.0Tests.xctest; sourceTree = BUILT_PRODUCTS_DIR; };
		39AA1055185307C5004D8A44 /* XCTest.framework */ = {isa = PBXFileReference; lastKnownFileType = wrapper.framework; name = XCTest.framework; path = Library/Frameworks/XCTest.framework; sourceTree = DEVELOPER_DIR; };
		39AA105D185307C5004D8A44 /* Vanilla_2.0Tests-Info.plist */ = {isa = PBXFileReference; lastKnownFileType = text.plist.xml; path = "Vanilla_2.0Tests-Info.plist"; sourceTree = "<group>"; };
		39AA105F185307C5004D8A44 /* en */ = {isa = PBXFileReference; lastKnownFileType = text.plist.strings; name = en; path = en.lproj/InfoPlist.strings; sourceTree = "<group>"; };
		39AA1061185307C5004D8A44 /* Vanilla_2_0Tests.m */ = {isa = PBXFileReference; lastKnownFileType = sourcecode.c.objc; path = Vanilla_2_0Tests.m; sourceTree = "<group>"; };
		39AA106E1853085C004D8A44 /* TravelPieceManageController.h */ = {isa = PBXFileReference; fileEncoding = 4; lastKnownFileType = sourcecode.c.h; path = TravelPieceManageController.h; sourceTree = "<group>"; };
		39AA106F1853085C004D8A44 /* TravelPieceManageController.m */ = {isa = PBXFileReference; fileEncoding = 4; lastKnownFileType = sourcecode.c.objc; path = TravelPieceManageController.m; sourceTree = "<group>"; };
		39E9F39C185BF2C500784C12 /* box.png */ = {isa = PBXFileReference; lastKnownFileType = image.png; path = box.png; sourceTree = "<group>"; };
		39E9F39D185BF2C500784C12 /* Home.png */ = {isa = PBXFileReference; lastKnownFileType = image.png; path = Home.png; sourceTree = "<group>"; };
		39E9F39E185BF2C500784C12 /* user.png */ = {isa = PBXFileReference; lastKnownFileType = image.png; path = user.png; sourceTree = "<group>"; };
		39E9F3A2185D360200784C12 /* loading.png */ = {isa = PBXFileReference; lastKnownFileType = image.png; path = loading.png; sourceTree = "<group>"; };
		39E9F3A4185D379700784C12 /* default.png */ = {isa = PBXFileReference; lastKnownFileType = image.png; path = default.png; sourceTree = "<group>"; };
		8A23E26B185A0FEC00945CD0 /* MainViewController.h */ = {isa = PBXFileReference; fileEncoding = 4; lastKnownFileType = sourcecode.c.h; path = MainViewController.h; sourceTree = "<group>"; };
		8A23E26C185A0FEC00945CD0 /* MainViewController.m */ = {isa = PBXFileReference; fileEncoding = 4; lastKnownFileType = sourcecode.c.objc; path = MainViewController.m; sourceTree = "<group>"; };
		8A23E26E185A101800945CD0 /* TravelManageViewController.h */ = {isa = PBXFileReference; fileEncoding = 4; lastKnownFileType = sourcecode.c.h; path = TravelManageViewController.h; sourceTree = "<group>"; };
		8A23E26F185A101800945CD0 /* TravelManageViewController.m */ = {isa = PBXFileReference; fileEncoding = 4; lastKnownFileType = sourcecode.c.objc; path = TravelManageViewController.m; sourceTree = "<group>"; };
		8A23E271185A14A700945CD0 /* ProfileViewController.h */ = {isa = PBXFileReference; fileEncoding = 4; lastKnownFileType = sourcecode.c.h; path = ProfileViewController.h; sourceTree = "<group>"; };
		8A23E272185A14A700945CD0 /* ProfileViewController.m */ = {isa = PBXFileReference; fileEncoding = 4; lastKnownFileType = sourcecode.c.objc; path = ProfileViewController.m; sourceTree = "<group>"; };
		8A23E274185A14D000945CD0 /* addTravelViewController.h */ = {isa = PBXFileReference; fileEncoding = 4; lastKnownFileType = sourcecode.c.h; path = addTravelViewController.h; sourceTree = "<group>"; };
		8A23E275185A14D000945CD0 /* addTravelViewController.m */ = {isa = PBXFileReference; fileEncoding = 4; lastKnownFileType = sourcecode.c.objc; path = addTravelViewController.m; sourceTree = "<group>"; };
		8A23E277185A154000945CD0 /* addTravelViewDelegate.h */ = {isa = PBXFileReference; fileEncoding = 4; lastKnownFileType = sourcecode.c.h; path = addTravelViewDelegate.h; sourceTree = "<group>"; };
		8A23E278185A154000945CD0 /* addTravelViewDelegate.m */ = {isa = PBXFileReference; fileEncoding = 4; lastKnownFileType = sourcecode.c.objc; path = addTravelViewDelegate.m; sourceTree = "<group>"; };
		8A23E27A185A156C00945CD0 /* 北京.jpg */ = {isa = PBXFileReference; lastKnownFileType = image.jpeg; path = "北京.jpg"; sourceTree = "<group>"; };
		8A23E27B185A156C00945CD0 /* 北京.png */ = {isa = PBXFileReference; lastKnownFileType = image.png; path = "北京.png"; sourceTree = "<group>"; };
		8A23E27C185A156C00945CD0 /* 丽江.jpg */ = {isa = PBXFileReference; lastKnownFileType = image.jpeg; path = "丽江.jpg"; sourceTree = "<group>"; };
		8A23E27D185A156C00945CD0 /* 丽江.png */ = {isa = PBXFileReference; lastKnownFileType = image.png; path = "丽江.png"; sourceTree = "<group>"; };
		8A23E27E185A156C00945CD0 /* 头像.png */ = {isa = PBXFileReference; lastKnownFileType = image.png; path = "头像.png"; sourceTree = "<group>"; };
		8A23E27F185A156C00945CD0 /* 西藏.jpg */ = {isa = PBXFileReference; lastKnownFileType = image.jpeg; path = "西藏.jpg"; sourceTree = "<group>"; };
		8A23E280185A156C00945CD0 /* 西藏.png */ = {isa = PBXFileReference; lastKnownFileType = image.png; path = "西藏.png"; sourceTree = "<group>"; };
		8A23E288185A15A200945CD0 /* RecentTravelPlist.plist */ = {isa = PBXFileReference; fileEncoding = 4; lastKnownFileType = text.plist.xml; path = RecentTravelPlist.plist; sourceTree = "<group>"; };
		8A23E289185A15A200945CD0 /* userInfo.plist */ = {isa = PBXFileReference; fileEncoding = 4; lastKnownFileType = text.plist.xml; path = userInfo.plist; sourceTree = "<group>"; };
		8A3440C318535B2200E3B481 /* TravelItem.h */ = {isa = PBXFileReference; fileEncoding = 4; lastKnownFileType = sourcecode.c.h; path = TravelItem.h; sourceTree = "<group>"; };
		8A3440C418535B2200E3B481 /* TravelItem.m */ = {isa = PBXFileReference; fileEncoding = 4; lastKnownFileType = sourcecode.c.objc; path = TravelItem.m; sourceTree = "<group>"; };
		8A3440C7185364CC00E3B481 /* a.jpg */ = {isa = PBXFileReference; lastKnownFileType = image.jpeg; path = a.jpg; sourceTree = "<group>"; };
		8A3440C8185364CC00E3B481 /* b.jpg */ = {isa = PBXFileReference; lastKnownFileType = image.jpeg; path = b.jpg; sourceTree = "<group>"; };
		8A3440C9185364CC00E3B481 /* c.jpg */ = {isa = PBXFileReference; lastKnownFileType = image.jpeg; path = c.jpg; sourceTree = "<group>"; };
		8A3440CA185364CC00E3B481 /* d.jpg */ = {isa = PBXFileReference; lastKnownFileType = image.jpeg; path = d.jpg; sourceTree = "<group>"; };
		8A3440CB185364CC00E3B481 /* e.jpg */ = {isa = PBXFileReference; lastKnownFileType = image.jpeg; path = e.jpg; sourceTree = "<group>"; };
		8A3440CC185364CC00E3B481 /* f.jpg */ = {isa = PBXFileReference; lastKnownFileType = image.jpeg; path = f.jpg; sourceTree = "<group>"; };
		8A3440CD185364CC00E3B481 /* g.jpg */ = {isa = PBXFileReference; lastKnownFileType = image.jpeg; path = g.jpg; sourceTree = "<group>"; };
		8A3440D518540FD800E3B481 /* MapKit.framework */ = {isa = PBXFileReference; lastKnownFileType = wrapper.framework; name = MapKit.framework; path = System/Library/Frameworks/MapKit.framework; sourceTree = SDKROOT; };
		8A3440D71854510700E3B481 /* SpotAnnotation.h */ = {isa = PBXFileReference; fileEncoding = 4; lastKnownFileType = sourcecode.c.h; path = SpotAnnotation.h; sourceTree = "<group>"; };
		8A3440D81854510700E3B481 /* SpotAnnotation.m */ = {isa = PBXFileReference; fileEncoding = 4; lastKnownFileType = sourcecode.c.objc; path = SpotAnnotation.m; sourceTree = "<group>"; };
		8A3440DA18545A0600E3B481 /* CoreLocation.framework */ = {isa = PBXFileReference; lastKnownFileType = wrapper.framework; name = CoreLocation.framework; path = System/Library/Frameworks/CoreLocation.framework; sourceTree = SDKROOT; };
		8A3440DC1854D6ED00E3B481 /* TravelPieceDetailViewController.h */ = {isa = PBXFileReference; fileEncoding = 4; lastKnownFileType = sourcecode.c.h; path = TravelPieceDetailViewController.h; sourceTree = "<group>"; };
		8A3440DD1854D6ED00E3B481 /* TravelPieceDetailViewController.m */ = {isa = PBXFileReference; fileEncoding = 4; lastKnownFileType = sourcecode.c.objc; path = TravelPieceDetailViewController.m; sourceTree = "<group>"; };
		8A3440DF1855A96000E3B481 /* CoreData.framework */ = {isa = PBXFileReference; lastKnownFileType = wrapper.framework; name = CoreData.framework; path = System/Library/Frameworks/CoreData.framework; sourceTree = SDKROOT; };
		8A3440E21855A97A00E3B481 /* DataModel.xcdatamodel */ = {isa = PBXFileReference; lastKnownFileType = wrapper.xcdatamodel; path = DataModel.xcdatamodel; sourceTree = "<group>"; };
		F111F1C02CD347CFAE7628F7 /* Pods.xcconfig */ = {isa = PBXFileReference; includeInIndex = 1; lastKnownFileType = text.xcconfig; name = Pods.xcconfig; path = Pods/Pods.xcconfig; sourceTree = "<group>"; };
/* End PBXFileReference section */

/* Begin PBXFrameworksBuildPhase section */
		39AA1030185307C5004D8A44 /* Frameworks */ = {
			isa = PBXFrameworksBuildPhase;
			buildActionMask = 2147483647;
			files = (
				8A3440E01855A96000E3B481 /* CoreData.framework in Frameworks */,
				8A3440DB18545A0600E3B481 /* CoreLocation.framework in Frameworks */,
				39AA1039185307C5004D8A44 /* CoreGraphics.framework in Frameworks */,
				39AA103B185307C5004D8A44 /* UIKit.framework in Frameworks */,
				8A3440D618540FD800E3B481 /* MapKit.framework in Frameworks */,
				39AA1037185307C5004D8A44 /* Foundation.framework in Frameworks */,
				E3848904AF1149119139CC33 /* libPods.a in Frameworks */,
			);
			runOnlyForDeploymentPostprocessing = 0;
		};
		39AA1051185307C5004D8A44 /* Frameworks */ = {
			isa = PBXFrameworksBuildPhase;
			buildActionMask = 2147483647;
			files = (
				39AA1056185307C5004D8A44 /* XCTest.framework in Frameworks */,
				39AA1058185307C5004D8A44 /* UIKit.framework in Frameworks */,
				39AA1057185307C5004D8A44 /* Foundation.framework in Frameworks */,
			);
			runOnlyForDeploymentPostprocessing = 0;
		};
/* End PBXFrameworksBuildPhase section */

/* Begin PBXGroup section */
		39AA102A185307C5004D8A44 = {
			isa = PBXGroup;
			children = (
				39AA103C185307C5004D8A44 /* Vanilla_2.0 */,
				39AA105B185307C5004D8A44 /* Vanilla_2.0Tests */,
				39AA1035185307C5004D8A44 /* Frameworks */,
				39AA1034185307C5004D8A44 /* Products */,
				F111F1C02CD347CFAE7628F7 /* Pods.xcconfig */,
			);
			sourceTree = "<group>";
		};
		39AA1034185307C5004D8A44 /* Products */ = {
			isa = PBXGroup;
			children = (
				39AA1033185307C5004D8A44 /* Vanilla_2.0.app */,
				39AA1054185307C5004D8A44 /* Vanilla_2.0Tests.xctest */,
			);
			name = Products;
			sourceTree = "<group>";
		};
		39AA1035185307C5004D8A44 /* Frameworks */ = {
			isa = PBXGroup;
			children = (
				8A3440DF1855A96000E3B481 /* CoreData.framework */,
				8A3440DA18545A0600E3B481 /* CoreLocation.framework */,
				8A3440D518540FD800E3B481 /* MapKit.framework */,
				39AA1036185307C5004D8A44 /* Foundation.framework */,
				39AA1038185307C5004D8A44 /* CoreGraphics.framework */,
				39AA103A185307C5004D8A44 /* UIKit.framework */,
				39AA1055185307C5004D8A44 /* XCTest.framework */,
				09B3128F2C734CA483EC61E8 /* libPods.a */,
			);
			name = Frameworks;
			sourceTree = "<group>";
		};
		39AA103C185307C5004D8A44 /* Vanilla_2.0 */ = {
			isa = PBXGroup;
			children = (
				8A23E277185A154000945CD0 /* addTravelViewDelegate.h */,
				8A23E278185A154000945CD0 /* addTravelViewDelegate.m */,
				8A3440C61853645800E3B481 /* Image */,
				39AA1045185307C5004D8A44 /* VanillaAppDelegate.h */,
				39AA1046185307C5004D8A44 /* VanillaAppDelegate.m */,
				39AA1048185307C5004D8A44 /* Main.storyboard */,
				8A23E288185A15A200945CD0 /* RecentTravelPlist.plist */,
				8A23E289185A15A200945CD0 /* userInfo.plist */,
				39AA10751853094A004D8A44 /* Controller */,
				39AA104B185307C5004D8A44 /* VanillaViewController.h */,
				39AA104C185307C5004D8A44 /* VanillaViewController.m */,
				39AA104E185307C5004D8A44 /* Images.xcassets */,
				39AA103D185307C5004D8A44 /* Supporting Files */,
				8A3440C318535B2200E3B481 /* TravelItem.h */,
				8A3440C418535B2200E3B481 /* TravelItem.m */,
				8A3440D71854510700E3B481 /* SpotAnnotation.h */,
				8A3440D81854510700E3B481 /* SpotAnnotation.m */,
				8A3440E11855A97A00E3B481 /* DataModel.xcdatamodeld */,
			);
			path = Vanilla_2.0;
			sourceTree = "<group>";
		};
		39AA103D185307C5004D8A44 /* Supporting Files */ = {
			isa = PBXGroup;
			children = (
				39AA103E185307C5004D8A44 /* Vanilla_2.0-Info.plist */,
				39AA103F185307C5004D8A44 /* InfoPlist.strings */,
				39AA1042185307C5004D8A44 /* main.m */,
				39AA1044185307C5004D8A44 /* Vanilla_2.0-Prefix.pch */,
			);
			name = "Supporting Files";
			sourceTree = "<group>";
		};
		39AA105B185307C5004D8A44 /* Vanilla_2.0Tests */ = {
			isa = PBXGroup;
			children = (
				39AA1061185307C5004D8A44 /* Vanilla_2_0Tests.m */,
				39AA105C185307C5004D8A44 /* Supporting Files */,
			);
			path = Vanilla_2.0Tests;
			sourceTree = "<group>";
		};
		39AA105C185307C5004D8A44 /* Supporting Files */ = {
			isa = PBXGroup;
			children = (
				39AA105D185307C5004D8A44 /* Vanilla_2.0Tests-Info.plist */,
				39AA105E185307C5004D8A44 /* InfoPlist.strings */,
			);
			name = "Supporting Files";
			sourceTree = "<group>";
		};
		39AA10751853094A004D8A44 /* Controller */ = {
			isa = PBXGroup;
			children = (
				8A23E274185A14D000945CD0 /* addTravelViewController.h */,
				8A23E275185A14D000945CD0 /* addTravelViewController.m */,
				8A23E271185A14A700945CD0 /* ProfileViewController.h */,
				8A23E272185A14A700945CD0 /* ProfileViewController.m */,
				8A23E26E185A101800945CD0 /* TravelManageViewController.h */,
				8A23E26F185A101800945CD0 /* TravelManageViewController.m */,
				8A23E26B185A0FEC00945CD0 /* MainViewController.h */,
				8A23E26C185A0FEC00945CD0 /* MainViewController.m */,
				39AA106E1853085C004D8A44 /* TravelPieceManageController.h */,
				39AA106F1853085C004D8A44 /* TravelPieceManageController.m */,
				8A3440DC1854D6ED00E3B481 /* TravelPieceDetailViewController.h */,
				8A3440DD1854D6ED00E3B481 /* TravelPieceDetailViewController.m */,
			);
			name = Controller;
			sourceTree = "<group>";
		};
		8A3440C61853645800E3B481 /* Image */ = {
			isa = PBXGroup;
			children = (
				39E9F3A4185D379700784C12 /* default.png */,
				39E9F3A2185D360200784C12 /* loading.png */,
				39E9F39C185BF2C500784C12 /* box.png */,
				39E9F39D185BF2C500784C12 /* Home.png */,
				39E9F39E185BF2C500784C12 /* user.png */,
				8A23E27A185A156C00945CD0 /* 北京.jpg */,
				8A23E27B185A156C00945CD0 /* 北京.png */,
				8A23E27C185A156C00945CD0 /* 丽江.jpg */,
				8A23E27D185A156C00945CD0 /* 丽江.png */,
				8A23E27E185A156C00945CD0 /* 头像.png */,
				8A23E27F185A156C00945CD0 /* 西藏.jpg */,
				8A23E280185A156C00945CD0 /* 西藏.png */,
				8A3440C7185364CC00E3B481 /* a.jpg */,
				8A3440C8185364CC00E3B481 /* b.jpg */,
				8A3440C9185364CC00E3B481 /* c.jpg */,
				8A3440CA185364CC00E3B481 /* d.jpg */,
				8A3440CB185364CC00E3B481 /* e.jpg */,
				8A3440CC185364CC00E3B481 /* f.jpg */,
				8A3440CD185364CC00E3B481 /* g.jpg */,
			);
			name = Image;
			sourceTree = "<group>";
		};
/* End PBXGroup section */

/* Begin PBXNativeTarget section */
		39AA1032185307C5004D8A44 /* Vanilla_2.0 */ = {
			isa = PBXNativeTarget;
			buildConfigurationList = 39AA1065185307C5004D8A44 /* Build configuration list for PBXNativeTarget "Vanilla_2.0" */;
			buildPhases = (
				23295C18DE274EBB942FAB77 /* Check Pods Manifest.lock */,
				39AA102F185307C5004D8A44 /* Sources */,
				39AA1030185307C5004D8A44 /* Frameworks */,
				39AA1031185307C5004D8A44 /* Resources */,
				839AE41524EC409ABD4691EC /* Copy Pods Resources */,
			);
			buildRules = (
			);
			dependencies = (
			);
			name = Vanilla_2.0;
			productName = Vanilla_2.0;
			productReference = 39AA1033185307C5004D8A44 /* Vanilla_2.0.app */;
			productType = "com.apple.product-type.application";
		};
		39AA1053185307C5004D8A44 /* Vanilla_2.0Tests */ = {
			isa = PBXNativeTarget;
			buildConfigurationList = 39AA1068185307C5004D8A44 /* Build configuration list for PBXNativeTarget "Vanilla_2.0Tests" */;
			buildPhases = (
				39AA1050185307C5004D8A44 /* Sources */,
				39AA1051185307C5004D8A44 /* Frameworks */,
				39AA1052185307C5004D8A44 /* Resources */,
			);
			buildRules = (
			);
			dependencies = (
				39AA105A185307C5004D8A44 /* PBXTargetDependency */,
			);
			name = Vanilla_2.0Tests;
			productName = Vanilla_2.0Tests;
			productReference = 39AA1054185307C5004D8A44 /* Vanilla_2.0Tests.xctest */;
			productType = "com.apple.product-type.bundle.unit-test";
		};
/* End PBXNativeTarget section */

/* Begin PBXProject section */
		39AA102B185307C5004D8A44 /* Project object */ = {
			isa = PBXProject;
			attributes = {
				CLASSPREFIX = Vanilla;
				LastUpgradeCheck = 0500;
				ORGANIZATIONNAME = "HY Bao";
				TargetAttributes = {
					39AA1032185307C5004D8A44 = {
						SystemCapabilities = {
							com.apple.iOS = {
								enabled = 1;
							};
						};
					};
					39AA1053185307C5004D8A44 = {
						TestTargetID = 39AA1032185307C5004D8A44;
					};
				};
			};
			buildConfigurationList = 39AA102E185307C5004D8A44 /* Build configuration list for PBXProject "Vanilla_2.0" */;
			compatibilityVersion = "Xcode 3.2";
			developmentRegion = English;
			hasScannedForEncodings = 0;
			knownRegions = (
				en,
				Base,
			);
			mainGroup = 39AA102A185307C5004D8A44;
			productRefGroup = 39AA1034185307C5004D8A44 /* Products */;
			projectDirPath = "";
			projectRoot = "";
			targets = (
				39AA1032185307C5004D8A44 /* Vanilla_2.0 */,
				39AA1053185307C5004D8A44 /* Vanilla_2.0Tests */,
			);
		};
/* End PBXProject section */

/* Begin PBXResourcesBuildPhase section */
		39AA1031185307C5004D8A44 /* Resources */ = {
			isa = PBXResourcesBuildPhase;
			buildActionMask = 2147483647;
			files = (
				8A23E283185A156C00945CD0 /* 丽江.jpg in Resources */,
				8A23E281185A156C00945CD0 /* 北京.jpg in Resources */,
				8A3440CF185364CC00E3B481 /* b.jpg in Resources */,
				8A3440CE185364CC00E3B481 /* a.jpg in Resources */,
				8A3440D3185364CC00E3B481 /* f.jpg in Resources */,
				8A23E284185A156C00945CD0 /* 丽江.png in Resources */,
				39E9F3A0185BF2C500784C12 /* Home.png in Resources */,
				8A23E282185A156C00945CD0 /* 北京.png in Resources */,
				39E9F39F185BF2C500784C12 /* box.png in Resources */,
				8A23E285185A156C00945CD0 /* 头像.png in Resources */,
				8A3440D4185364CC00E3B481 /* g.jpg in Resources */,
				8A23E286185A156C00945CD0 /* 西藏.jpg in Resources */,
				39AA104F185307C5004D8A44 /* Images.xcassets in Resources */,
				8A23E28B185A15A200945CD0 /* userInfo.plist in Resources */,
				39E9F3A1185BF2C500784C12 /* user.png in Resources */,
				39E9F3A5185D379700784C12 /* default.png in Resources */,
				8A3440D2185364CC00E3B481 /* e.jpg in Resources */,
				8A23E28A185A15A200945CD0 /* RecentTravelPlist.plist in Resources */,
				39E9F3A3185D360200784C12 /* loading.png in Resources */,
				39AA1041185307C5004D8A44 /* InfoPlist.strings in Resources */,
				8A23E287185A156C00945CD0 /* 西藏.png in Resources */,
				8A3440D1185364CC00E3B481 /* d.jpg in Resources */,
				8A3440D0185364CC00E3B481 /* c.jpg in Resources */,
				39AA104A185307C5004D8A44 /* Main.storyboard in Resources */,
			);
			runOnlyForDeploymentPostprocessing = 0;
		};
		39AA1052185307C5004D8A44 /* Resources */ = {
			isa = PBXResourcesBuildPhase;
			buildActionMask = 2147483647;
			files = (
				39AA1060185307C5004D8A44 /* InfoPlist.strings in Resources */,
			);
			runOnlyForDeploymentPostprocessing = 0;
		};
/* End PBXResourcesBuildPhase section */

/* Begin PBXShellScriptBuildPhase section */
		23295C18DE274EBB942FAB77 /* Check Pods Manifest.lock */ = {
			isa = PBXShellScriptBuildPhase;
			buildActionMask = 2147483647;
			files = (
			);
			inputPaths = (
			);
			name = "Check Pods Manifest.lock";
			outputPaths = (
			);
			runOnlyForDeploymentPostprocessing = 0;
			shellPath = /bin/sh;
			shellScript = "diff \"${PODS_ROOT}/../Podfile.lock\" \"${PODS_ROOT}/Manifest.lock\" > /dev/null\nif [[ $? != 0 ]] ; then\n    cat << EOM\nerror: The sandbox is not in sync with the Podfile.lock. Run 'pod install' or update your CocoaPods installation.\nEOM\n    exit 1\nfi\n";
			showEnvVarsInLog = 0;
		};
		839AE41524EC409ABD4691EC /* Copy Pods Resources */ = {
			isa = PBXShellScriptBuildPhase;
			buildActionMask = 2147483647;
			files = (
			);
			inputPaths = (
			);
			name = "Copy Pods Resources";
			outputPaths = (
			);
			runOnlyForDeploymentPostprocessing = 0;
			shellPath = /bin/sh;
			shellScript = "\"${SRCROOT}/Pods/Pods-resources.sh\"\n";
			showEnvVarsInLog = 0;
		};
/* End PBXShellScriptBuildPhase section */

/* Begin PBXSourcesBuildPhase section */
		39AA102F185307C5004D8A44 /* Sources */ = {
			isa = PBXSourcesBuildPhase;
			buildActionMask = 2147483647;
			files = (
				8A3440C518535B2200E3B481 /* TravelItem.m in Sources */,
				8A3440E31855A97A00E3B481 /* DataModel.xcdatamodeld in Sources */,
				8A23E26D185A0FEC00945CD0 /* MainViewController.m in Sources */,
				8A23E279185A154000945CD0 /* addTravelViewDelegate.m in Sources */,
				39AA10701853085C004D8A44 /* TravelPieceManageController.m in Sources */,
				39AA1047185307C5004D8A44 /* VanillaAppDelegate.m in Sources */,
				39AA1043185307C5004D8A44 /* main.m in Sources */,
				8A3440D91854510700E3B481 /* SpotAnnotation.m in Sources */,
				8A3440DE1854D6ED00E3B481 /* TravelPieceDetailViewController.m in Sources */,
				8A23E270185A101800945CD0 /* TravelManageViewController.m in Sources */,
				8A23E276185A14D000945CD0 /* addTravelViewController.m in Sources */,
				8A23E273185A14A700945CD0 /* ProfileViewController.m in Sources */,
				39AA104D185307C5004D8A44 /* VanillaViewController.m in Sources */,
			);
			runOnlyForDeploymentPostprocessing = 0;
		};
		39AA1050185307C5004D8A44 /* Sources */ = {
			isa = PBXSourcesBuildPhase;
			buildActionMask = 2147483647;
			files = (
				39AA1062185307C5004D8A44 /* Vanilla_2_0Tests.m in Sources */,
			);
			runOnlyForDeploymentPostprocessing = 0;
		};
/* End PBXSourcesBuildPhase section */

/* Begin PBXTargetDependency section */
		39AA105A185307C5004D8A44 /* PBXTargetDependency */ = {
			isa = PBXTargetDependency;
			target = 39AA1032185307C5004D8A44 /* Vanilla_2.0 */;
			targetProxy = 39AA1059185307C5004D8A44 /* PBXContainerItemProxy */;
		};
/* End PBXTargetDependency section */

/* Begin PBXVariantGroup section */
		39AA103F185307C5004D8A44 /* InfoPlist.strings */ = {
			isa = PBXVariantGroup;
			children = (
				39AA1040185307C5004D8A44 /* en */,
			);
			name = InfoPlist.strings;
			sourceTree = "<group>";
		};
		39AA1048185307C5004D8A44 /* Main.storyboard */ = {
			isa = PBXVariantGroup;
			children = (
				39AA1049185307C5004D8A44 /* Base */,
			);
			name = Main.storyboard;
			sourceTree = "<group>";
		};
		39AA105E185307C5004D8A44 /* InfoPlist.strings */ = {
			isa = PBXVariantGroup;
			children = (
				39AA105F185307C5004D8A44 /* en */,
			);
			name = InfoPlist.strings;
			sourceTree = "<group>";
		};
/* End PBXVariantGroup section */

/* Begin XCBuildConfiguration section */
		39AA1063185307C5004D8A44 /* Debug */ = {
			isa = XCBuildConfiguration;
			buildSettings = {
				ALWAYS_SEARCH_USER_PATHS = NO;
				ARCHS = "$(ARCHS_STANDARD_INCLUDING_64_BIT)";
				CLANG_CXX_LANGUAGE_STANDARD = "gnu++0x";
				CLANG_CXX_LIBRARY = "libc++";
				CLANG_ENABLE_MODULES = YES;
				CLANG_ENABLE_OBJC_ARC = YES;
				CLANG_WARN_BOOL_CONVERSION = YES;
				CLANG_WARN_CONSTANT_CONVERSION = YES;
				CLANG_WARN_DIRECT_OBJC_ISA_USAGE = YES_ERROR;
				CLANG_WARN_EMPTY_BODY = YES;
				CLANG_WARN_ENUM_CONVERSION = YES;
				CLANG_WARN_INT_CONVERSION = YES;
				CLANG_WARN_OBJC_ROOT_CLASS = YES_ERROR;
				CLANG_WARN__DUPLICATE_METHOD_MATCH = YES;
				"CODE_SIGN_IDENTITY[sdk=iphoneos*]" = "iPhone Developer";
				COPY_PHASE_STRIP = NO;
				GCC_C_LANGUAGE_STANDARD = gnu99;
				GCC_DYNAMIC_NO_PIC = NO;
				GCC_OPTIMIZATION_LEVEL = 0;
				GCC_PREPROCESSOR_DEFINITIONS = (
					"DEBUG=1",
					"$(inherited)",
				);
				GCC_SYMBOLS_PRIVATE_EXTERN = NO;
				GCC_WARN_64_TO_32_BIT_CONVERSION = YES;
				GCC_WARN_ABOUT_RETURN_TYPE = YES_ERROR;
				GCC_WARN_UNDECLARED_SELECTOR = YES;
				GCC_WARN_UNINITIALIZED_AUTOS = YES;
				GCC_WARN_UNUSED_FUNCTION = YES;
				GCC_WARN_UNUSED_VARIABLE = YES;
				IPHONEOS_DEPLOYMENT_TARGET = 7.0;
				ONLY_ACTIVE_ARCH = YES;
				SDKROOT = iphoneos;
			};
			name = Debug;
		};
		39AA1064185307C5004D8A44 /* Release */ = {
			isa = XCBuildConfiguration;
			buildSettings = {
				ALWAYS_SEARCH_USER_PATHS = NO;
				ARCHS = "$(ARCHS_STANDARD_INCLUDING_64_BIT)";
				CLANG_CXX_LANGUAGE_STANDARD = "gnu++0x";
				CLANG_CXX_LIBRARY = "libc++";
				CLANG_ENABLE_MODULES = YES;
				CLANG_ENABLE_OBJC_ARC = YES;
				CLANG_WARN_BOOL_CONVERSION = YES;
				CLANG_WARN_CONSTANT_CONVERSION = YES;
				CLANG_WARN_DIRECT_OBJC_ISA_USAGE = YES_ERROR;
				CLANG_WARN_EMPTY_BODY = YES;
				CLANG_WARN_ENUM_CONVERSION = YES;
				CLANG_WARN_INT_CONVERSION = YES;
				CLANG_WARN_OBJC_ROOT_CLASS = YES_ERROR;
				CLANG_WARN__DUPLICATE_METHOD_MATCH = YES;
				"CODE_SIGN_IDENTITY[sdk=iphoneos*]" = "iPhone Developer";
				COPY_PHASE_STRIP = YES;
				ENABLE_NS_ASSERTIONS = NO;
				GCC_C_LANGUAGE_STANDARD = gnu99;
				GCC_WARN_64_TO_32_BIT_CONVERSION = YES;
				GCC_WARN_ABOUT_RETURN_TYPE = YES_ERROR;
				GCC_WARN_UNDECLARED_SELECTOR = YES;
				GCC_WARN_UNINITIALIZED_AUTOS = YES;
				GCC_WARN_UNUSED_FUNCTION = YES;
				GCC_WARN_UNUSED_VARIABLE = YES;
				IPHONEOS_DEPLOYMENT_TARGET = 7.0;
				SDKROOT = iphoneos;
				VALIDATE_PRODUCT = YES;
			};
			name = Release;
		};
		39AA1066185307C5004D8A44 /* Debug */ = {
			isa = XCBuildConfiguration;
			baseConfigurationReference = F111F1C02CD347CFAE7628F7 /* Pods.xcconfig */;
			buildSettings = {
				ASSETCATALOG_COMPILER_APPICON_NAME = AppIcon;
				ASSETCATALOG_COMPILER_LAUNCHIMAGE_NAME = LaunchImage;
				GCC_PRECOMPILE_PREFIX_HEADER = YES;
				GCC_PREFIX_HEADER = "Vanilla_2.0/Vanilla_2.0-Prefix.pch";
				INFOPLIST_FILE = "Vanilla_2.0/Vanilla_2.0-Info.plist";
				PRODUCT_NAME = "$(TARGET_NAME)";
				WRAPPER_EXTENSION = app;
			};
			name = Debug;
		};
		39AA1067185307C5004D8A44 /* Release */ = {
			isa = XCBuildConfiguration;
			baseConfigurationReference = F111F1C02CD347CFAE7628F7 /* Pods.xcconfig */;
			buildSettings = {
				ASSETCATALOG_COMPILER_APPICON_NAME = AppIcon;
				ASSETCATALOG_COMPILER_LAUNCHIMAGE_NAME = LaunchImage;
				GCC_PRECOMPILE_PREFIX_HEADER = YES;
				GCC_PREFIX_HEADER = "Vanilla_2.0/Vanilla_2.0-Prefix.pch";
				INFOPLIST_FILE = "Vanilla_2.0/Vanilla_2.0-Info.plist";
				PRODUCT_NAME = "$(TARGET_NAME)";
				WRAPPER_EXTENSION = app;
			};
			name = Release;
		};
		39AA1069185307C5004D8A44 /* Debug */ = {
			isa = XCBuildConfiguration;
			buildSettings = {
				ARCHS = "$(ARCHS_STANDARD_INCLUDING_64_BIT)";
				BUNDLE_LOADER = "$(BUILT_PRODUCTS_DIR)/Vanilla_2.0.app/Vanilla_2.0";
				FRAMEWORK_SEARCH_PATHS = (
					"$(SDKROOT)/Developer/Library/Frameworks",
					"$(inherited)",
					"$(DEVELOPER_FRAMEWORKS_DIR)",
				);
				GCC_PRECOMPILE_PREFIX_HEADER = YES;
				GCC_PREFIX_HEADER = "Vanilla_2.0/Vanilla_2.0-Prefix.pch";
				GCC_PREPROCESSOR_DEFINITIONS = (
					"DEBUG=1",
					"$(inherited)",
				);
				INFOPLIST_FILE = "Vanilla_2.0Tests/Vanilla_2.0Tests-Info.plist";
				PRODUCT_NAME = "$(TARGET_NAME)";
				TEST_HOST = "$(BUNDLE_LOADER)";
				WRAPPER_EXTENSION = xctest;
			};
			name = Debug;
		};
		39AA106A185307C5004D8A44 /* Release */ = {
			isa = XCBuildConfiguration;
			buildSettings = {
				ARCHS = "$(ARCHS_STANDARD_INCLUDING_64_BIT)";
				BUNDLE_LOADER = "$(BUILT_PRODUCTS_DIR)/Vanilla_2.0.app/Vanilla_2.0";
				FRAMEWORK_SEARCH_PATHS = (
					"$(SDKROOT)/Developer/Library/Frameworks",
					"$(inherited)",
					"$(DEVELOPER_FRAMEWORKS_DIR)",
				);
				GCC_PRECOMPILE_PREFIX_HEADER = YES;
				GCC_PREFIX_HEADER = "Vanilla_2.0/Vanilla_2.0-Prefix.pch";
				INFOPLIST_FILE = "Vanilla_2.0Tests/Vanilla_2.0Tests-Info.plist";
				PRODUCT_NAME = "$(TARGET_NAME)";
				TEST_HOST = "$(BUNDLE_LOADER)";
				WRAPPER_EXTENSION = xctest;
			};
			name = Release;
		};
/* End XCBuildConfiguration section */

/* Begin XCConfigurationList section */
		39AA102E185307C5004D8A44 /* Build configuration list for PBXProject "Vanilla_2.0" */ = {
			isa = XCConfigurationList;
			buildConfigurations = (
				39AA1063185307C5004D8A44 /* Debug */,
				39AA1064185307C5004D8A44 /* Release */,
			);
			defaultConfigurationIsVisible = 0;
			defaultConfigurationName = Release;
		};
		39AA1065185307C5004D8A44 /* Build configuration list for PBXNativeTarget "Vanilla_2.0" */ = {
			isa = XCConfigurationList;
			buildConfigurations = (
				39AA1066185307C5004D8A44 /* Debug */,
				39AA1067185307C5004D8A44 /* Release */,
			);
			defaultConfigurationIsVisible = 0;
			defaultConfigurationName = Release;
		};
		39AA1068185307C5004D8A44 /* Build configuration list for PBXNativeTarget "Vanilla_2.0Tests" */ = {
			isa = XCConfigurationList;
			buildConfigurations = (
				39AA1069185307C5004D8A44 /* Debug */,
				39AA106A185307C5004D8A44 /* Release */,
			);
			defaultConfigurationIsVisible = 0;
			defaultConfigurationName = Release;
		};
/* End XCConfigurationList section */

/* Begin XCVersionGroup section */
		8A3440E11855A97A00E3B481 /* DataModel.xcdatamodeld */ = {
			isa = XCVersionGroup;
			children = (
				8A3440E21855A97A00E3B481 /* DataModel.xcdatamodel */,
			);
			currentVersion = 8A3440E21855A97A00E3B481 /* DataModel.xcdatamodel */;
			path = DataModel.xcdatamodeld;
			sourceTree = "<group>";
			versionGroupType = wrapper.xcdatamodel;
		};
/* End XCVersionGroup section */
	};
	rootObject = 39AA102B185307C5004D8A44 /* Project object */;
}
